{
  "version": "5",
  "specifiers": {
    "jsr:@supabase/supabase-js@2": "2.110.8"
  },
  "jsr": {
    "@supabase/supabase-js@2.110.8": {
      "integrity": "cca2005b5b6f7b52c1113085528fc1cd3506d373d9e4cc304fc8fe92d4fa0e1a"
    }
  },
  "workspace": {
    "packageJson": {
      "dependencies": [
        "npm:@supabase/supabase-js@^2.110.8",
        "npm:@tailwindcss/vite@^4.3.3",
        "npm:@types/node@^24.13.3",
        "npm:@types/react-dom@^19.2.3",
        "npm:@types/react@^19.2.17",
        "npm:@vitejs/plugin-react@^6.0.3",
        "npm:autoprefixer@^10.5.4",
        "npm:oxlint@^1.71.0",
        "npm:pdfjs-dist@^6.1.200",
        "npm:postcss@^8.5.22",
        "npm:react-dom@^19.2.7",
        "npm:react-router-dom@^7.18.1",
        "npm:react@^19.2.7",
        "npm:tailwindcss@^4.3.3",
        "npm:typescript@~6.0.2",
        "npm:vite@^8.1.1"
      ]
    }
  }
}
